
Microsoft Visual Studio Solution File, Format Version 12.00
# Visual Studio Version 16
VisualStudioVersion = 16.0.31410.357
MinimumVisualStudioVersion = 10.0.40219.1
Project("{FAE04EC0-301F-11D3-BF4B-00C04F79EFBC}") = "DesafioGFTRPG", "DesafioGFTRPG\DesafioGFTRPG.csproj", "{589D3F23-46C1-4AB7-960C-C8A3AC726420}"
EndProject
Global
	GlobalSection(SolutionConfigurationPlatforms) = preSolution
		Debug|Any CPU = Debug|Any CPU
		Release|Any CPU = Release|Any CPU
	EndGlobalSection
	GlobalSection(ProjectConfigurationPlatforms) = postSolution
		{589D3F23-46C1-4AB7-960C-C8A3AC726420}.Debug|Any CPU.ActiveCfg = Debug|Any CPU
		{589D3F23-46C1-4AB7-960C-C8A3AC726420}.Debug|Any CPU.Build.0 = Debug|Any CPU
		{589D3F23-46C1-4AB7-960C-C8A3AC726420}.Release|Any CPU.ActiveCfg = Release|Any CPU
		{589D3F23-46C1-4AB7-960C-C8A3AC726420}.Release|Any CPU.Build.0 = Release|Any CPU
	EndGlobalSection
	GlobalSection(SolutionProperties) = preSolution
		HideSolutionNode = FALSE
	EndGlobalSection
	GlobalSection(ExtensibilityGlobals) = postSolution
		SolutionGuid = {542D219F-B944-45C7-BB92-3AE57A0D5E60}
	EndGlobalSection
EndGlobal
